
Microsoft Visual Studio Solution File, Format Version 12.00
# Visual Studio 15
VisualStudioVersion = 15.0.27130.2026
MinimumVisualStudioVersion = 10.0.40219.1
Project("{FAE04EC0-301F-11D3-BF4B-00C04F79EFBC}") = "DSGraphEditDemo", "DSGraphEdit\DSGraphEditDemo.csproj", "{EDD17F88-73D2-4AD8-B43C-55ED90495113}"
	ProjectSection(ProjectDependencies) = postProject
		{B78C0F3B-071A-4FD2-829D-7A67E0F7BD1C} = {B78C0F3B-071A-4FD2-829D-7A67E0F7BD1C}
		{A074956D-BA57-424F-8E44-0059C7C5BAE5} = {A074956D-BA57-424F-8E44-0059C7C5BAE5}
		{D302559B-8F9C-4FDE-8F1A-0862AB0F4D42} = {D302559B-8F9C-4FDE-8F1A-0862AB0F4D42}
		{404C97A0-B6C6-4BD4-AEF0-9D830F329F35} = {404C97A0-B6C6-4BD4-AEF0-9D830F329F35}
	EndProjectSection
EndProject
Project("{FAE04EC0-301F-11D3-BF4B-00C04F79EFBC}") = "DaggerLib.DSGraphEdit", "DaggerLib.DSGraphEdit\DaggerLib.DSGraphEdit.csproj", "{404C97A0-B6C6-4BD4-AEF0-9D830F329F35}"
	ProjectSection(ProjectDependencies) = postProject
		{B78C0F3B-071A-4FD2-829D-7A67E0F7BD1C} = {B78C0F3B-071A-4FD2-829D-7A67E0F7BD1C}
		{A074956D-BA57-424F-8E44-0059C7C5BAE5} = {A074956D-BA57-424F-8E44-0059C7C5BAE5}
		{D302559B-8F9C-4FDE-8F1A-0862AB0F4D42} = {D302559B-8F9C-4FDE-8F1A-0862AB0F4D42}
		{CE009BFA-5EF6-4153-B2A1-2FA79698A9AE} = {CE009BFA-5EF6-4153-B2A1-2FA79698A9AE}
	EndProjectSection
EndProject
Project("{FAE04EC0-301F-11D3-BF4B-00C04F79EFBC}") = "DaggerLib", "DaggerLib\DaggerLib.csproj", "{D302559B-8F9C-4FDE-8F1A-0862AB0F4D42}"
EndProject
Project("{FAE04EC0-301F-11D3-BF4B-00C04F79EFBC}") = "DaggerLib.UI.Windows", "DaggerLib.UI.Windows\DaggerLib.UI.Windows.csproj", "{A074956D-BA57-424F-8E44-0059C7C5BAE5}"
	ProjectSection(ProjectDependencies) = postProject
		{D302559B-8F9C-4FDE-8F1A-0862AB0F4D42} = {D302559B-8F9C-4FDE-8F1A-0862AB0F4D42}
	EndProjectSection
EndProject
Project("{FAE04EC0-301F-11D3-BF4B-00C04F79EFBC}") = "DirectShowLib-2017", "DirectShowNet\DirectShowLib-2017.csproj", "{CE009BFA-5EF6-4153-B2A1-2FA79698A9AE}"
EndProject
Project("{FAE04EC0-301F-11D3-BF4B-00C04F79EFBC}") = "MediaFoundation-2010", "MediaFoundationNet\src\MediaFoundation-2010.csproj", "{B78C0F3B-071A-4FD2-829D-7A67E0F7BD1C}"
EndProject
Project("{FAE04EC0-301F-11D3-BF4B-00C04F79EFBC}") = "DSGraphEditDemo32", "DSGraphEditDemo32\DSGraphEditDemo32.csproj", "{14DDD26E-3ACC-46B5-8375-2C7FE7612856}"
EndProject
Global
	GlobalSection(SolutionConfigurationPlatforms) = preSolution
		Debug|Any CPU = Debug|Any CPU
		Debug|x64 = Debug|x64
		Debug|x86 = Debug|x86
		Release|Any CPU = Release|Any CPU
		Release|x64 = Release|x64
		Release|x86 = Release|x86
	EndGlobalSection
	GlobalSection(ProjectConfigurationPlatforms) = postSolution
		{EDD17F88-73D2-4AD8-B43C-55ED90495113}.Debug|Any CPU.ActiveCfg = Debug|Any CPU
		{EDD17F88-73D2-4AD8-B43C-55ED90495113}.Debug|Any CPU.Build.0 = Debug|Any CPU
		{EDD17F88-73D2-4AD8-B43C-55ED90495113}.Debug|x64.ActiveCfg = Debug|Any CPU
		{EDD17F88-73D2-4AD8-B43C-55ED90495113}.Debug|x64.Build.0 = Debug|Any CPU
		{EDD17F88-73D2-4AD8-B43C-55ED90495113}.Debug|x86.ActiveCfg = Debug|Any CPU
		{EDD17F88-73D2-4AD8-B43C-55ED90495113}.Debug|x86.Build.0 = Debug|Any CPU
		{EDD17F88-73D2-4AD8-B43C-55ED90495113}.Release|Any CPU.ActiveCfg = Release|Any CPU
		{EDD17F88-73D2-4AD8-B43C-55ED90495113}.Release|Any CPU.Build.0 = Release|Any CPU
		{EDD17F88-73D2-4AD8-B43C-55ED90495113}.Release|x64.ActiveCfg = Release|Any CPU
		{EDD17F88-73D2-4AD8-B43C-55ED90495113}.Release|x64.Build.0 = Release|Any CPU
		{EDD17F88-73D2-4AD8-B43C-55ED90495113}.Release|x86.ActiveCfg = Release|Any CPU
		{EDD17F88-73D2-4AD8-B43C-55ED90495113}.Release|x86.Build.0 = Release|Any CPU
		{404C97A0-B6C6-4BD4-AEF0-9D830F329F35}.Debug|Any CPU.ActiveCfg = Debug|Any CPU
		{404C97A0-B6C6-4BD4-AEF0-9D830F329F35}.Debug|Any CPU.Build.0 = Debug|Any CPU
		{404C97A0-B6C6-4BD4-AEF0-9D830F329F35}.Debug|x64.ActiveCfg = Debug|Any CPU
		{404C97A0-B6C6-4BD4-AEF0-9D830F329F35}.Debug|x64.Build.0 = Debug|Any CPU
		{404C97A0-B6C6-4BD4-AEF0-9D830F329F35}.Debug|x86.ActiveCfg = Debug|Any CPU
		{404C97A0-B6C6-4BD4-AEF0-9D830F329F35}.Debug|x86.Build.0 = Debug|Any CPU
		{404C97A0-B6C6-4BD4-AEF0-9D830F329F35}.Release|Any CPU.ActiveCfg = Release|Any CPU
		{404C97A0-B6C6-4BD4-AEF0-9D830F329F35}.Release|Any CPU.Build.0 = Release|Any CPU
		{404C97A0-B6C6-4BD4-AEF0-9D830F329F35}.Release|x64.ActiveCfg = Release|Any CPU
		{404C97A0-B6C6-4BD4-AEF0-9D830F329F35}.Release|x64.Build.0 = Release|Any CPU
		{404C97A0-B6C6-4BD4-AEF0-9D830F329F35}.Release|x86.ActiveCfg = Release|Any CPU
		{404C97A0-B6C6-4BD4-AEF0-9D830F329F35}.Release|x86.Build.0 = Release|Any CPU
		{D302559B-8F9C-4FDE-8F1A-0862AB0F4D42}.Debug|Any CPU.ActiveCfg = Debug|Any CPU
		{D302559B-8F9C-4FDE-8F1A-0862AB0F4D42}.Debug|Any CPU.Build.0 = Debug|Any CPU
		{D302559B-8F9C-4FDE-8F1A-0862AB0F4D42}.Debug|x64.ActiveCfg = Debug|Any CPU
		{D302559B-8F9C-4FDE-8F1A-0862AB0F4D42}.Debug|x64.Build.0 = Debug|Any CPU
		{D302559B-8F9C-4FDE-8F1A-0862AB0F4D42}.Debug|x86.ActiveCfg = Debug|Any CPU
		{D302559B-8F9C-4FDE-8F1A-0862AB0F4D42}.Debug|x86.Build.0 = Debug|Any CPU
		{D302559B-8F9C-4FDE-8F1A-0862AB0F4D42}.Release|Any CPU.ActiveCfg = Release|Any CPU
		{D302559B-8F9C-4FDE-8F1A-0862AB0F4D42}.Release|Any CPU.Build.0 = Release|Any CPU
		{D302559B-8F9C-4FDE-8F1A-0862AB0F4D42}.Release|x64.ActiveCfg = Release|Any CPU
		{D302559B-8F9C-4FDE-8F1A-0862AB0F4D42}.Release|x64.Build.0 = Release|Any CPU
		{D302559B-8F9C-4FDE-8F1A-0862AB0F4D42}.Release|x86.ActiveCfg = Release|Any CPU
		{D302559B-8F9C-4FDE-8F1A-0862AB0F4D42}.Release|x86.Build.0 = Release|Any CPU
		{A074956D-BA57-424F-8E44-0059C7C5BAE5}.Debug|Any CPU.ActiveCfg = Debug|Any CPU
		{A074956D-BA57-424F-8E44-0059C7C5BAE5}.Debug|Any CPU.Build.0 = Debug|Any CPU
		{A074956D-BA57-424F-8E44-0059C7C5BAE5}.Debug|x64.ActiveCfg = Debug|Any CPU
		{A074956D-BA57-424F-8E44-0059C7C5BAE5}.Debug|x64.Build.0 = Debug|Any CPU
		{A074956D-BA57-424F-8E44-0059C7C5BAE5}.Debug|x86.ActiveCfg = Debug|Any CPU
		{A074956D-BA57-424F-8E44-0059C7C5BAE5}.Debug|x86.Build.0 = Debug|Any CPU
		{A074956D-BA57-424F-8E44-0059C7C5BAE5}.Release|Any CPU.ActiveCfg = Release|Any CPU
		{A074956D-BA57-424F-8E44-0059C7C5BAE5}.Release|Any CPU.Build.0 = Release|Any CPU
		{A074956D-BA57-424F-8E44-0059C7C5BAE5}.Release|x64.ActiveCfg = Release|Any CPU
		{A074956D-BA57-424F-8E44-0059C7C5BAE5}.Release|x64.Build.0 = Release|Any CPU
		{A074956D-BA57-424F-8E44-0059C7C5BAE5}.Release|x86.ActiveCfg = Release|Any CPU
		{A074956D-BA57-424F-8E44-0059C7C5BAE5}.Release|x86.Build.0 = Release|Any CPU
		{CE009BFA-5EF6-4153-B2A1-2FA79698A9AE}.Debug|Any CPU.ActiveCfg = Debug|Any CPU
		{CE009BFA-5EF6-4153-B2A1-2FA79698A9AE}.Debug|Any CPU.Build.0 = Debug|Any CPU
		{CE009BFA-5EF6-4153-B2A1-2FA79698A9AE}.Debug|x64.ActiveCfg = Debug|Any CPU
		{CE009BFA-5EF6-4153-B2A1-2FA79698A9AE}.Debug|x64.Build.0 = Debug|Any CPU
		{CE009BFA-5EF6-4153-B2A1-2FA79698A9AE}.Debug|x86.ActiveCfg = Debug|Any CPU
		{CE009BFA-5EF6-4153-B2A1-2FA79698A9AE}.Debug|x86.Build.0 = Debug|Any CPU
		{CE009BFA-5EF6-4153-B2A1-2FA79698A9AE}.Release|Any CPU.ActiveCfg = Release|Any CPU
		{CE009BFA-5EF6-4153-B2A1-2FA79698A9AE}.Release|Any CPU.Build.0 = Release|Any CPU
		{CE009BFA-5EF6-4153-B2A1-2FA79698A9AE}.Release|x64.ActiveCfg = Release|Any CPU
		{CE009BFA-5EF6-4153-B2A1-2FA79698A9AE}.Release|x64.Build.0 = Release|Any CPU
		{CE009BFA-5EF6-4153-B2A1-2FA79698A9AE}.Release|x86.ActiveCfg = Release|Any CPU
		{CE009BFA-5EF6-4153-B2A1-2FA79698A9AE}.Release|x86.Build.0 = Release|Any CPU
		{B78C0F3B-071A-4FD2-829D-7A67E0F7BD1C}.Debug|Any CPU.ActiveCfg = Debug|Any CPU
		{B78C0F3B-071A-4FD2-829D-7A67E0F7BD1C}.Debug|Any CPU.Build.0 = Debug|Any CPU
		{B78C0F3B-071A-4FD2-829D-7A67E0F7BD1C}.Debug|x64.ActiveCfg = Debug|x64
		{B78C0F3B-071A-4FD2-829D-7A67E0F7BD1C}.Debug|x64.Build.0 = Debug|x64
		{B78C0F3B-071A-4FD2-829D-7A67E0F7BD1C}.Debug|x86.ActiveCfg = Debug|x86
		{B78C0F3B-071A-4FD2-829D-7A67E0F7BD1C}.Debug|x86.Build.0 = Debug|x86
		{B78C0F3B-071A-4FD2-829D-7A67E0F7BD1C}.Release|Any CPU.ActiveCfg = Release|Any CPU
		{B78C0F3B-071A-4FD2-829D-7A67E0F7BD1C}.Release|Any CPU.Build.0 = Release|Any CPU
		{B78C0F3B-071A-4FD2-829D-7A67E0F7BD1C}.Release|x64.ActiveCfg = Release|x64
		{B78C0F3B-071A-4FD2-829D-7A67E0F7BD1C}.Release|x64.Build.0 = Release|x64
		{B78C0F3B-071A-4FD2-829D-7A67E0F7BD1C}.Release|x86.ActiveCfg = Release|x86
		{B78C0F3B-071A-4FD2-829D-7A67E0F7BD1C}.Release|x86.Build.0 = Release|x86
		{14DDD26E-3ACC-46B5-8375-2C7FE7612856}.Debug|Any CPU.ActiveCfg = Debug|Any CPU
		{14DDD26E-3ACC-46B5-8375-2C7FE7612856}.Debug|Any CPU.Build.0 = Debug|Any CPU
		{14DDD26E-3ACC-46B5-8375-2C7FE7612856}.Debug|x64.ActiveCfg = Debug|Any CPU
		{14DDD26E-3ACC-46B5-8375-2C7FE7612856}.Debug|x64.Build.0 = Debug|Any CPU
		{14DDD26E-3ACC-46B5-8375-2C7FE7612856}.Debug|x86.ActiveCfg = Debug|Any CPU
		{14DDD26E-3ACC-46B5-8375-2C7FE7612856}.Debug|x86.Build.0 = Debug|Any CPU
		{14DDD26E-3ACC-46B5-8375-2C7FE7612856}.Release|Any CPU.ActiveCfg = Release|Any CPU
		{14DDD26E-3ACC-46B5-8375-2C7FE7612856}.Release|Any CPU.Build.0 = Release|Any CPU
		{14DDD26E-3ACC-46B5-8375-2C7FE7612856}.Release|x64.ActiveCfg = Release|Any CPU
		{14DDD26E-3ACC-46B5-8375-2C7FE7612856}.Release|x64.Build.0 = Release|Any CPU
		{14DDD26E-3ACC-46B5-8375-2C7FE7612856}.Release|x86.ActiveCfg = Release|Any CPU
		{14DDD26E-3ACC-46B5-8375-2C7FE7612856}.Release|x86.Build.0 = Release|Any CPU
	EndGlobalSection
	GlobalSection(SolutionProperties) = preSolution
		HideSolutionNode = FALSE
	EndGlobalSection
	GlobalSection(ExtensibilityGlobals) = postSolution
		SolutionGuid = {1F90D7AC-8DA8-4194-B550-AEEE7343740B}
	EndGlobalSection
EndGlobal
